
Microsoft Visual Studio Solution File, Format Version 12.00
# Visual Studio Version 17
VisualStudioVersion = 17.11.35303.130
MinimumVisualStudioVersion = 10.0.40219.1
Project("{2150E333-8FDC-42A3-9474-1A3956D46DE8}") = "src", "src", "{88B78680-0852-4244-99F4-439863E9388D}"
EndProject
Project("{9A19103F-16F7-4668-BE54-9A1E7A4F7556}") = "FileDownLoadSystem.Core", "FileDownLoadSystem.Core\FileDownLoadSystem.Core.csproj", "{4562003A-75F0-4F25-9246-33FE188F060D}"
EndProject
Project("{9A19103F-16F7-4668-BE54-9A1E7A4F7556}") = "FileDownLoadSystem.Entity", "FileDownLoadSystem.Entity\FileDownLoadSystem.Entity.csproj", "{B28B8163-D428-42F3-A1A3-FB4A6CA3C321}"
EndProject
Project("{9A19103F-16F7-4668-BE54-9A1E7A4F7556}") = "FileDownLoadSystem.System", "FileDownLoadSystem.System\FileDownLoadSystem.System.csproj", "{F81C7B42-379B-40BA-95FC-BEF58A5D4C46}"
EndProject
Project("{FAE04EC0-301F-11D3-BF4B-00C04F79EFBC}") = "FileDownLoadSystem.API", "FileDownLoadSystem.API\FileDownLoadSystem.API.csproj", "{744A52B0-5895-4E19-AA71-10DBA8B771FC}"
EndProject
Global
	GlobalSection(SolutionConfigurationPlatforms) = preSolution
		Debug|Any CPU = Debug|Any CPU
		Release|Any CPU = Release|Any CPU
	EndGlobalSection
	GlobalSection(ProjectConfigurationPlatforms) = postSolution
		{4562003A-75F0-4F25-9246-33FE188F060D}.Debug|Any CPU.ActiveCfg = Debug|Any CPU
		{4562003A-75F0-4F25-9246-33FE188F060D}.Debug|Any CPU.Build.0 = Debug|Any CPU
		{4562003A-75F0-4F25-9246-33FE188F060D}.Release|Any CPU.ActiveCfg = Release|Any CPU
		{4562003A-75F0-4F25-9246-33FE188F060D}.Release|Any CPU.Build.0 = Release|Any CPU
		{B28B8163-D428-42F3-A1A3-FB4A6CA3C321}.Debug|Any CPU.ActiveCfg = Debug|Any CPU
		{B28B8163-D428-42F3-A1A3-FB4A6CA3C321}.Debug|Any CPU.Build.0 = Debug|Any CPU
		{B28B8163-D428-42F3-A1A3-FB4A6CA3C321}.Release|Any CPU.ActiveCfg = Release|Any CPU
		{B28B8163-D428-42F3-A1A3-FB4A6CA3C321}.Release|Any CPU.Build.0 = Release|Any CPU
		{F81C7B42-379B-40BA-95FC-BEF58A5D4C46}.Debug|Any CPU.ActiveCfg = Debug|Any CPU
		{F81C7B42-379B-40BA-95FC-BEF58A5D4C46}.Debug|Any CPU.Build.0 = Debug|Any CPU
		{F81C7B42-379B-40BA-95FC-BEF58A5D4C46}.Release|Any CPU.ActiveCfg = Release|Any CPU
		{F81C7B42-379B-40BA-95FC-BEF58A5D4C46}.Release|Any CPU.Build.0 = Release|Any CPU
		{744A52B0-5895-4E19-AA71-10DBA8B771FC}.Debug|Any CPU.ActiveCfg = Debug|Any CPU
		{744A52B0-5895-4E19-AA71-10DBA8B771FC}.Debug|Any CPU.Build.0 = Debug|Any CPU
		{744A52B0-5895-4E19-AA71-10DBA8B771FC}.Release|Any CPU.ActiveCfg = Release|Any CPU
		{744A52B0-5895-4E19-AA71-10DBA8B771FC}.Release|Any CPU.Build.0 = Release|Any CPU
	EndGlobalSection
	GlobalSection(SolutionProperties) = preSolution
		HideSolutionNode = FALSE
	EndGlobalSection
	GlobalSection(NestedProjects) = preSolution
		{4562003A-75F0-4F25-9246-33FE188F060D} = {88B78680-0852-4244-99F4-439863E9388D}
		{B28B8163-D428-42F3-A1A3-FB4A6CA3C321} = {88B78680-0852-4244-99F4-439863E9388D}
		{F81C7B42-379B-40BA-95FC-BEF58A5D4C46} = {88B78680-0852-4244-99F4-439863E9388D}
		{744A52B0-5895-4E19-AA71-10DBA8B771FC} = {88B78680-0852-4244-99F4-439863E9388D}
	EndGlobalSection
	GlobalSection(ExtensibilityGlobals) = postSolution
		SolutionGuid = {6436A131-1A7A-4A69-953F-A671E458FEEC}
	EndGlobalSection
EndGlobal
